
Microsoft Visual Studio Solution File, Format Version 12.00
# Visual Studio Version 16
VisualStudioVersion = 16.0.31624.102
MinimumVisualStudioVersion = 10.0.40219.1
Project("{9A19103F-16F7-4668-BE54-9A1E7A4F7556}") = "BIDASK.Server", "BIDASK\Server\BIDASK.Server.csproj", "{2F29BB76-5219-4698-9C97-64144407170E}"
EndProject
Project("{9A19103F-16F7-4668-BE54-9A1E7A4F7556}") = "BIDASK.Client", "BIDASK\Client\BIDASK.Client.csproj", "{DED66F0C-57BB-444E-8C83-6BDD46519E96}"
EndProject
Project("{9A19103F-16F7-4668-BE54-9A1E7A4F7556}") = "BIDASK.Shared", "BIDASK\Shared\BIDASK.Shared.csproj", "{6CE79021-F7AF-4CF7-AB29-AD903A9C005A}"
EndProject
Project("{FAE04EC0-301F-11D3-BF4B-00C04F79EFBC}") = "SyncAPIConnect", "..\..\..\Downloads\xAPI25-XTB-net\xAPI25-XTB-net\src\SyncAPIConnector\SyncAPIConnect.csproj", "{E6BC484B-A042-4CA6-9079-E91136D92207}"
EndProject
Global
	GlobalSection(SolutionConfigurationPlatforms) = preSolution
		Debug|Any CPU = Debug|Any CPU
		Release|Any CPU = Release|Any CPU
	EndGlobalSection
	GlobalSection(ProjectConfigurationPlatforms) = postSolution
		{2F29BB76-5219-4698-9C97-64144407170E}.Debug|Any CPU.ActiveCfg = Debug|Any CPU
		{2F29BB76-5219-4698-9C97-64144407170E}.Debug|Any CPU.Build.0 = Debug|Any CPU
		{2F29BB76-5219-4698-9C97-64144407170E}.Release|Any CPU.ActiveCfg = Release|Any CPU
		{2F29BB76-5219-4698-9C97-64144407170E}.Release|Any CPU.Build.0 = Release|Any CPU
		{DED66F0C-57BB-444E-8C83-6BDD46519E96}.Debug|Any CPU.ActiveCfg = Debug|Any CPU
		{DED66F0C-57BB-444E-8C83-6BDD46519E96}.Debug|Any CPU.Build.0 = Debug|Any CPU
		{DED66F0C-57BB-444E-8C83-6BDD46519E96}.Release|Any CPU.ActiveCfg = Release|Any CPU
		{DED66F0C-57BB-444E-8C83-6BDD46519E96}.Release|Any CPU.Build.0 = Release|Any CPU
		{6CE79021-F7AF-4CF7-AB29-AD903A9C005A}.Debug|Any CPU.ActiveCfg = Debug|Any CPU
		{6CE79021-F7AF-4CF7-AB29-AD903A9C005A}.Debug|Any CPU.Build.0 = Debug|Any CPU
		{6CE79021-F7AF-4CF7-AB29-AD903A9C005A}.Release|Any CPU.ActiveCfg = Release|Any CPU
		{6CE79021-F7AF-4CF7-AB29-AD903A9C005A}.Release|Any CPU.Build.0 = Release|Any CPU
		{E6BC484B-A042-4CA6-9079-E91136D92207}.Debug|Any CPU.ActiveCfg = Debug|Any CPU
		{E6BC484B-A042-4CA6-9079-E91136D92207}.Debug|Any CPU.Build.0 = Debug|Any CPU
		{E6BC484B-A042-4CA6-9079-E91136D92207}.Release|Any CPU.ActiveCfg = Release|Any CPU
		{E6BC484B-A042-4CA6-9079-E91136D92207}.Release|Any CPU.Build.0 = Release|Any CPU
	EndGlobalSection
	GlobalSection(SolutionProperties) = preSolution
		HideSolutionNode = FALSE
	EndGlobalSection
	GlobalSection(ExtensibilityGlobals) = postSolution
		SolutionGuid = {0C9DCADC-5678-4982-8005-9121C36290A6}
	EndGlobalSection
EndGlobal
